
Microsoft Visual Studio Solution File, Format Version 12.00
# Visual Studio 15
VisualStudioVersion = 15.0.27004.2005
MinimumVisualStudioVersion = 10.0.40219.1
Project("{FAE04EC0-301F-11D3-BF4B-00C04F79EFBC}") = "desafios.model", "desafios.model\desafios.model.csproj", "{E9C8D736-4C10-418D-AFA9-68BE9E580861}"
EndProject
Project("{FAE04EC0-301F-11D3-BF4B-00C04F79EFBC}") = "desafios.model.repositorio", "desafios.model.repositorio\desafios.model.repositorio.csproj", "{FE7FF356-C141-4302-BE55-F502D856DD0A}"
EndProject
Project("{FAE04EC0-301F-11D3-BF4B-00C04F79EFBC}") = "desafios.model.testes", "desafios.model.testes\desafios.model.testes.csproj", "{B15907F6-F5C7-4FAA-AE62-52872A1B73FF}"
EndProject
Global
	GlobalSection(SolutionConfigurationPlatforms) = preSolution
		Debug|Any CPU = Debug|Any CPU
		Release|Any CPU = Release|Any CPU
	EndGlobalSection
	GlobalSection(ProjectConfigurationPlatforms) = postSolution
		{E9C8D736-4C10-418D-AFA9-68BE9E580861}.Debug|Any CPU.ActiveCfg = Debug|Any CPU
		{E9C8D736-4C10-418D-AFA9-68BE9E580861}.Debug|Any CPU.Build.0 = Debug|Any CPU
		{E9C8D736-4C10-418D-AFA9-68BE9E580861}.Release|Any CPU.ActiveCfg = Release|Any CPU
		{E9C8D736-4C10-418D-AFA9-68BE9E580861}.Release|Any CPU.Build.0 = Release|Any CPU
		{FE7FF356-C141-4302-BE55-F502D856DD0A}.Debug|Any CPU.ActiveCfg = Debug|Any CPU
		{FE7FF356-C141-4302-BE55-F502D856DD0A}.Debug|Any CPU.Build.0 = Debug|Any CPU
		{FE7FF356-C141-4302-BE55-F502D856DD0A}.Release|Any CPU.ActiveCfg = Release|Any CPU
		{FE7FF356-C141-4302-BE55-F502D856DD0A}.Release|Any CPU.Build.0 = Release|Any CPU
		{B15907F6-F5C7-4FAA-AE62-52872A1B73FF}.Debug|Any CPU.ActiveCfg = Debug|Any CPU
		{B15907F6-F5C7-4FAA-AE62-52872A1B73FF}.Debug|Any CPU.Build.0 = Debug|Any CPU
		{B15907F6-F5C7-4FAA-AE62-52872A1B73FF}.Release|Any CPU.ActiveCfg = Release|Any CPU
		{B15907F6-F5C7-4FAA-AE62-52872A1B73FF}.Release|Any CPU.Build.0 = Release|Any CPU
	EndGlobalSection
	GlobalSection(SolutionProperties) = preSolution
		HideSolutionNode = FALSE
	EndGlobalSection
	GlobalSection(ExtensibilityGlobals) = postSolution
		SolutionGuid = {DA86138D-5B49-4055-B4CD-DAB0479B9B8E}
	EndGlobalSection
EndGlobal
